
Microsoft Visual Studio Solution File, Format Version 12.00
# Visual Studio 15
VisualStudioVersion = 15.0.28307.852
MinimumVisualStudioVersion = 10.0.40219.1
Project("{FAE04EC0-301F-11D3-BF4B-00C04F79EFBC}") = "AlphaProject", "AlphaProject\AlphaProject.csproj", "{9795D165-E82F-41F5-AC37-1D47D5365C6D}"
EndProject
Global
	GlobalSection(SolutionConfigurationPlatforms) = preSolution
		Debug|Any CPU = Debug|Any CPU
		Release|Any CPU = Release|Any CPU
	EndGlobalSection
	GlobalSection(ProjectConfigurationPlatforms) = postSolution
		{9795D165-E82F-41F5-AC37-1D47D5365C6D}.Debug|Any CPU.ActiveCfg = Debug|Any CPU
		{9795D165-E82F-41F5-AC37-1D47D5365C6D}.Debug|Any CPU.Build.0 = Debug|Any CPU
		{9795D165-E82F-41F5-AC37-1D47D5365C6D}.Release|Any CPU.ActiveCfg = Release|Any CPU
		{9795D165-E82F-41F5-AC37-1D47D5365C6D}.Release|Any CPU.Build.0 = Release|Any CPU
	EndGlobalSection
	GlobalSection(SolutionProperties) = preSolution
		HideSolutionNode = FALSE
	EndGlobalSection
	GlobalSection(ExtensibilityGlobals) = postSolution
		SolutionGuid = {FE868AD7-431F-4C4A-ACB1-E0551C8882D0}
	EndGlobalSection
EndGlobal
